PODS:
  - Aspects (1.4.1)
  - CocoaLumberjack (3.4.2):
    - CocoaLumberjack/Default (= 3.4.2)
    - CocoaLumberjack/Extensions (= 3.4.2)
  - CocoaLumberjack/Default (3.4.2)
  - CocoaLumberjack/Extensions (3.4.2):
    - CocoaLumberjack/Default
  - pop (1.0.12)
  - SDWebImage (4.4.3):
    - SDWebImage/Core (= 4.4.3)
  - SDWebImage/Core (4.4.3)
  - xt-engine (0.7.0):
    - Aspects
    - CocoaLumberjack
  - xt-framework (0.7.0):
    - pop
    - SDWebImage
    - xt-engine

DEPENDENCIES:
  - xt-framework

SPEC REPOS:
  https://github.com/cocoapods/specs.git:
    - Aspects
    - CocoaLumberjack
    - pop
    - SDWebImage
    - xt-engine
    - xt-framework

SPEC CHECKSUMS:
  Aspects: 7595ba96a6727a58ebcbfc954497fc5d2fdde546
  CocoaLumberjack: db7cc9e464771f12054c22ff6947c5a58d43a0fd
  pop: d582054913807fd11fd50bfe6a539d91c7e1a55a
  SDWebImage: c5594f1a19c48d526d321e548902b56b479cd508
  xt-engine: 231e79f442909d21c03964b119f83b0026f6df68
  xt-framework: adec2cee66bcfeaee73de225350d0f6150753e38

PODFILE CHECKSUM: bfaff7fb18e8086325490941b737184dcd6cfa35

COCOAPODS: 1.6.0.beta.2
