{
  "name": "tests",
  "version": "1.0.0",
  "lockfileVersion": 1,
  "requires": true,
  "dependencies": {
    "xt-framework-wx": {
      "version": "git+https://github.com/XTStudio/framework-wx.git#1a79f277fb017517d6c1c6e1236f2895c25cc4e5",
      "from": "git+https://github.com/XTStudio/framework-wx.git"
    }
  }
}
